
Microsoft Visual Studio Solution File, Format Version 12.00
# Visual Studio Version 16
VisualStudioVersion = 16.0.29911.84
MinimumVisualStudioVersion = 10.0.40219.1
Project("{9A19103F-16F7-4668-BE54-9A1E7A4F7556}") = "Restaurants.Data", "Restaurants.Data\Restaurants.Data.csproj", "{C96B928E-A832-40A4-9036-865A5E7C3C56}"
EndProject
Project("{FAE04EC0-301F-11D3-BF4B-00C04F79EFBC}") = "Restaurants.Web", "Restaurants.Web\Restaurants.Web.csproj", "{60877CDA-5FCE-4EDA-9526-53FAE817802C}"
EndProject
Project("{FAE04EC0-301F-11D3-BF4B-00C04F79EFBC}") = "Restaurants.Models", "Restaurants.Models\Restaurants.Models.csproj", "{B17030F1-2B88-420D-BAA3-0230B30EF236}"
EndProject
Project("{FAE04EC0-301F-11D3-BF4B-00C04F79EFBC}") = "Restaurants.Common", "Restaurants.Common\Restaurants.Common.csproj", "{36CF57F2-2F3C-4F65-A48A-556077C40E80}"
EndProject
Project("{FAE04EC0-301F-11D3-BF4B-00C04F79EFBC}") = "Restaurants.Services", "Restaurants.Services\Restaurants.Services.csproj", "{2E652562-F83E-4F69-A3F6-662B4E697CDA}"
EndProject
Global
	GlobalSection(SolutionConfigurationPlatforms) = preSolution
		Debug|Any CPU = Debug|Any CPU
		Release|Any CPU = Release|Any CPU
	EndGlobalSection
	GlobalSection(ProjectConfigurationPlatforms) = postSolution
		{C96B928E-A832-40A4-9036-865A5E7C3C56}.Debug|Any CPU.ActiveCfg = Debug|Any CPU
		{C96B928E-A832-40A4-9036-865A5E7C3C56}.Debug|Any CPU.Build.0 = Debug|Any CPU
		{C96B928E-A832-40A4-9036-865A5E7C3C56}.Release|Any CPU.ActiveCfg = Release|Any CPU
		{C96B928E-A832-40A4-9036-865A5E7C3C56}.Release|Any CPU.Build.0 = Release|Any CPU
		{60877CDA-5FCE-4EDA-9526-53FAE817802C}.Debug|Any CPU.ActiveCfg = Debug|Any CPU
		{60877CDA-5FCE-4EDA-9526-53FAE817802C}.Debug|Any CPU.Build.0 = Debug|Any CPU
		{60877CDA-5FCE-4EDA-9526-53FAE817802C}.Release|Any CPU.ActiveCfg = Release|Any CPU
		{60877CDA-5FCE-4EDA-9526-53FAE817802C}.Release|Any CPU.Build.0 = Release|Any CPU
		{B17030F1-2B88-420D-BAA3-0230B30EF236}.Debug|Any CPU.ActiveCfg = Debug|Any CPU
		{B17030F1-2B88-420D-BAA3-0230B30EF236}.Debug|Any CPU.Build.0 = Debug|Any CPU
		{B17030F1-2B88-420D-BAA3-0230B30EF236}.Release|Any CPU.ActiveCfg = Release|Any CPU
		{B17030F1-2B88-420D-BAA3-0230B30EF236}.Release|Any CPU.Build.0 = Release|Any CPU
		{36CF57F2-2F3C-4F65-A48A-556077C40E80}.Debug|Any CPU.ActiveCfg = Debug|Any CPU
		{36CF57F2-2F3C-4F65-A48A-556077C40E80}.Debug|Any CPU.Build.0 = Debug|Any CPU
		{36CF57F2-2F3C-4F65-A48A-556077C40E80}.Release|Any CPU.ActiveCfg = Release|Any CPU
		{36CF57F2-2F3C-4F65-A48A-556077C40E80}.Release|Any CPU.Build.0 = Release|Any CPU
		{2E652562-F83E-4F69-A3F6-662B4E697CDA}.Debug|Any CPU.ActiveCfg = Debug|Any CPU
		{2E652562-F83E-4F69-A3F6-662B4E697CDA}.Debug|Any CPU.Build.0 = Debug|Any CPU
		{2E652562-F83E-4F69-A3F6-662B4E697CDA}.Release|Any CPU.ActiveCfg = Release|Any CPU
		{2E652562-F83E-4F69-A3F6-662B4E697CDA}.Release|Any CPU.Build.0 = Release|Any CPU
	EndGlobalSection
	GlobalSection(SolutionProperties) = preSolution
		HideSolutionNode = FALSE
	EndGlobalSection
	GlobalSection(ExtensibilityGlobals) = postSolution
		SolutionGuid = {96FB9F0E-F679-4F81-8E6F-689560CB49EE}
	EndGlobalSection
EndGlobal
